// !$*UTF8*$!
{
	archiveVersion = 1;
	classes = {
	};
	objectVersion = 46;
	objects = {

/* Begin PBXBuildFile section */
		93C6F559814B424B669F2A22 /* Pods_backgamon.framework in Frameworks */ = {isa = PBXBuildFile; fileRef = 008AF0A454F944CF1DF24A4E /* Pods_backgamon.framework */; };
		AE3FCD521E326DFF0072B19C /* main.m in Sources */ = {isa = PBXBuildFile; fileRef = AE3FCD511E326DFF0072B19C /* main.m */; };
		AE3FCD551E326DFF0072B19C /* AppDelegate.m in Sources */ = {isa = PBXBuildFile; fileRef = AE3FCD541E326DFF0072B19C /* AppDelegate.m */; };
		AE3FCD581E326DFF0072B19C /* ViewController.m in Sources */ = {isa = PBXBuildFile; fileRef = AE3FCD571E326DFF0072B19C /* ViewController.m */; };
		AE3FCD5B1E326DFF0072B19C /* Main.storyboard in Resources */ = {isa = PBXBuildFile; fileRef = AE3FCD591E326DFF0072B19C /* Main.storyboard */; };
		AE3FCD5D1E326DFF0072B19C /* Assets.xcassets in Resources */ = {isa = PBXBuildFile; fileRef = AE3FCD5C1E326DFF0072B19C /* Assets.xcassets */; };
		AE3FCD601E326DFF0072B19C /* LaunchScreen.storyboard in Resources */ = {isa = PBXBuildFile; fileRef = AE3FCD5E1E326DFF0072B19C /* LaunchScreen.storyboard */; };
		AE3FCD6B1E326E000072B19C /* backgamonTests.m in Sources */ = {isa = PBXBuildFile; fileRef = AE3FCD6A1E326E000072B19C /* backgamonTests.m */; };
		AE3FCD761E326E000072B19C /* backgamonUITests.m in Sources */ = {isa = PBXBuildFile; fileRef = AE3FCD751E326E000072B19C /* backgamonUITests.m */; };
		AE3FCD851E32714A0072B19C /* BackgamonNavigationController.m in Sources */ = {isa = PBXBuildFile; fileRef = AE3FCD841E32714A0072B19C /* BackgamonNavigationController.m */; };
		AE3FCD8B1E32874A0072B19C /* TriangleView.m in Sources */ = {isa = PBXBuildFile; fileRef = AE3FCD8A1E32874A0072B19C /* TriangleView.m */; };
		AE3FCD8E1E3287770072B19C /* TraingleSelected.m in Sources */ = {isa = PBXBuildFile; fileRef = AE3FCD8D1E3287770072B19C /* TraingleSelected.m */; };
		AE3FCD911E32C59A0072B19C /* CircleSelecteed.m in Sources */ = {isa = PBXBuildFile; fileRef = AE3FCD901E32C59A0072B19C /* CircleSelecteed.m */; };
		AE3FCD941E32C5BB0072B19C /* CircleView.m in Sources */ = {isa = PBXBuildFile; fileRef = AE3FCD931E32C5BB0072B19C /* CircleView.m */; };
		AE3FCD971E350F510072B19C /* Board.m in Sources */ = {isa = PBXBuildFile; fileRef = AE3FCD961E350F510072B19C /* Board.m */; };
		AE3FCD9A1E353EE80072B19C /* DieView.m in Sources */ = {isa = PBXBuildFile; fileRef = AE3FCD991E353EE80072B19C /* DieView.m */; };
		AE3FCD9D1E36644C0072B19C /* Bot.m in Sources */ = {isa = PBXBuildFile; fileRef = AE3FCD9C1E36644C0072B19C /* Bot.m */; };
		AE3FCDA01E3695F80072B19C /* GraphViewController.m in Sources */ = {isa = PBXBuildFile; fileRef = AE3FCD9F1E3695F80072B19C /* GraphViewController.m */; };
		AE3FCDA41E36961B0072B19C /* GraphView.m in Sources */ = {isa = PBXBuildFile; fileRef = AE3FCDA31E36961B0072B19C /* GraphView.m */; };
		AE3FCDA71E36A2260072B19C /* HistoryView.m in Sources */ = {isa = PBXBuildFile; fileRef = AE3FCDA61E36A2260072B19C /* HistoryView.m */; };
		AE9AF33C1E39C4B100760913 /* OptionsViewController.m in Sources */ = {isa = PBXBuildFile; fileRef = AE9AF33B1E39C4B100760913 /* OptionsViewController.m */; };
		AE9AF33F1E39D4D800760913 /* RectangleView.m in Sources */ = {isa = PBXBuildFile; fileRef = AE9AF33E1E39D4D800760913 /* RectangleView.m */; };
		AE9AF3421E3A1B7A00760913 /* RectangleSelected.m in Sources */ = {isa = PBXBuildFile; fileRef = AE9AF3411E3A1B7A00760913 /* RectangleSelected.m */; };
/* End PBXBuildFile section */

/* Begin PBXContainerItemProxy section */
		AE3FCD671E326E000072B19C /* PBXContainerItemProxy */ = {
			isa = PBXContainerItemProxy;
			containerPortal = AE3FCD451E326DFF0072B19C /* Project object */;
			proxyType = 1;
			remoteGlobalIDString = AE3FCD4C1E326DFF0072B19C;
			remoteInfo = backgamon;
		};
		AE3FCD721E326E000072B19C /* PBXContainerItemProxy */ = {
			isa = PBXContainerItemProxy;
			containerPortal = AE3FCD451E326DFF0072B19C /* Project object */;
			proxyType = 1;
			remoteGlobalIDString = AE3FCD4C1E326DFF0072B19C;
			remoteInfo = backgamon;
		};
/* End PBXContainerItemProxy section */

/* Begin PBXFileReference section */
		008AF0A454F944CF1DF24A4E /* Pods_backgamon.framework */ = {isa = PBXFileReference; explicitFileType = wrapper.framework; includeInIndex = 0; path = Pods_backgamon.framework; sourceTree = BUILT_PRODUCTS_DIR; };
		AA2A90DCCD5CF7F49C54C1C1 /* Pods-backgamon.debug.xcconfig */ = {isa = PBXFileReference; includeInIndex = 1; lastKnownFileType = text.xcconfig; name = "Pods-backgamon.debug.xcconfig"; path = "Pods/Target Support Files/Pods-backgamon/Pods-backgamon.debug.xcconfig"; sourceTree = "<group>"; };
		AE3FCD4D1E326DFF0072B19C /* backgamon.app */ = {isa = PBXFileReference; explicitFileType = wrapper.application; includeInIndex = 0; path = backgamon.app; sourceTree = BUILT_PRODUCTS_DIR; };
		AE3FCD511E326DFF0072B19C /* main.m */ = {isa = PBXFileReference; lastKnownFileType = sourcecode.c.objc; path = main.m; sourceTree = "<group>"; };
		AE3FCD531E326DFF0072B19C /* AppDelegate.h */ = {isa = PBXFileReference; lastKnownFileType = sourcecode.c.h; path = AppDelegate.h; sourceTree = "<group>"; };
		AE3FCD541E326DFF0072B19C /* AppDelegate.m */ = {isa = PBXFileReference; lastKnownFileType = sourcecode.c.objc; path = AppDelegate.m; sourceTree = "<group>"; };
		AE3FCD561E326DFF0072B19C /* ViewController.h */ = {isa = PBXFileReference; lastKnownFileType = sourcecode.c.h; path = ViewController.h; sourceTree = "<group>"; };
		AE3FCD571E326DFF0072B19C /* ViewController.m */ = {isa = PBXFileReference; lastKnownFileType = sourcecode.c.objc; path = ViewController.m; sourceTree = "<group>"; };
		AE3FCD5A1E326DFF0072B19C /* Base */ = {isa = PBXFileReference; lastKnownFileType = file.storyboard; name = Base; path = Base.lproj/Main.storyboard; sourceTree = "<group>"; };
		AE3FCD5C1E326DFF0072B19C /* Assets.xcassets */ = {isa = PBXFileReference; lastKnownFileType = folder.assetcatalog; path = Assets.xcassets; sourceTree = "<group>"; };
		AE3FCD5F1E326DFF0072B19C /* Base */ = {isa = PBXFileReference; lastKnownFileType = file.storyboard; name = Base; path = Base.lproj/LaunchScreen.storyboard; sourceTree = "<group>"; };
		AE3FCD611E326DFF0072B19C /* Info.plist */ = {isa = PBXFileReference; lastKnownFileType = text.plist.xml; path = Info.plist; sourceTree = "<group>"; };
		AE3FCD661E326E000072B19C /* backgamonTests.xctest */ = {isa = PBXFileReference; explicitFileType = wrapper.cfbundle; includeInIndex = 0; path = backgamonTests.xctest; sourceTree = BUILT_PRODUCTS_DIR; };
		AE3FCD6A1E326E000072B19C /* backgamonTests.m */ = {isa = PBXFileReference; lastKnownFileType = sourcecode.c.objc; path = backgamonTests.m; sourceTree = "<group>"; };
		AE3FCD6C1E326E000072B19C /* Info.plist */ = {isa = PBXFileReference; lastKnownFileType = text.plist.xml; path = Info.plist; sourceTree = "<group>"; };
		AE3FCD711E326E000072B19C /* backgamonUITests.xctest */ = {isa = PBXFileReference; explicitFileType = wrapper.cfbundle; includeInIndex = 0; path = backgamonUITests.xctest; sourceTree = BUILT_PRODUCTS_DIR; };
		AE3FCD751E326E000072B19C /* backgamonUITests.m */ = {isa = PBXFileReference; lastKnownFileType = sourcecode.c.objc; path = backgamonUITests.m; sourceTree = "<group>"; };
		AE3FCD771E326E000072B19C /* Info.plist */ = {isa = PBXFileReference; lastKnownFileType = text.plist.xml; path = Info.plist; sourceTree = "<group>"; };
		AE3FCD831E32714A0072B19C /* BackgamonNavigationController.h */ = {isa = PBXFileReference; fileEncoding = 4; lastKnownFileType = sourcecode.c.h; path = BackgamonNavigationController.h; sourceTree = "<group>"; };
		AE3FCD841E32714A0072B19C /* BackgamonNavigationController.m */ = {isa = PBXFileReference; fileEncoding = 4; lastKnownFileType = sourcecode.c.objc; path = BackgamonNavigationController.m; sourceTree = "<group>"; };
		AE3FCD891E32874A0072B19C /* TriangleView.h */ = {isa = PBXFileReference; fileEncoding = 4; lastKnownFileType = sourcecode.c.h; path = TriangleView.h; sourceTree = "<group>"; };
		AE3FCD8A1E32874A0072B19C /* TriangleView.m */ = {isa = PBXFileReference; fileEncoding = 4; lastKnownFileType = sourcecode.c.objc; path = TriangleView.m; sourceTree = "<group>"; };
		AE3FCD8C1E3287770072B19C /* TraingleSelected.h */ = {isa = PBXFileReference; fileEncoding = 4; lastKnownFileType = sourcecode.c.h; path = TraingleSelected.h; sourceTree = "<group>"; };
		AE3FCD8D1E3287770072B19C /* TraingleSelected.m */ = {isa = PBXFileReference; fileEncoding = 4; lastKnownFileType = sourcecode.c.objc; path = TraingleSelected.m; sourceTree = "<group>"; };
		AE3FCD8F1E32C59A0072B19C /* CircleSelecteed.h */ = {isa = PBXFileReference; fileEncoding = 4; lastKnownFileType = sourcecode.c.h; path = CircleSelecteed.h; sourceTree = "<group>"; };
		AE3FCD901E32C59A0072B19C /* CircleSelecteed.m */ = {isa = PBXFileReference; fileEncoding = 4; lastKnownFileType = sourcecode.c.objc; path = CircleSelecteed.m; sourceTree = "<group>"; };
		AE3FCD921E32C5BB0072B19C /* CircleView.h */ = {isa = PBXFileReference; fileEncoding = 4; lastKnownFileType = sourcecode.c.h; path = CircleView.h; sourceTree = "<group>"; };
		AE3FCD931E32C5BB0072B19C /* CircleView.m */ = {isa = PBXFileReference; fileEncoding = 4; lastKnownFileType = sourcecode.c.objc; path = CircleView.m; sourceTree = "<group>"; };
		AE3FCD951E350F510072B19C /* Board.h */ = {isa = PBXFileReference; fileEncoding = 4; lastKnownFileType = sourcecode.c.h; path = Board.h; sourceTree = "<group>"; };
		AE3FCD961E350F510072B19C /* Board.m */ = {isa = PBXFileReference; fileEncoding = 4; lastKnownFileType = sourcecode.c.objc; path = Board.m; sourceTree = "<group>"; };
		AE3FCD981E353EE80072B19C /* DieView.h */ = {isa = PBXFileReference; fileEncoding = 4; lastKnownFileType = sourcecode.c.h; path = DieView.h; sourceTree = "<group>"; };
		AE3FCD991E353EE80072B19C /* DieView.m */ = {isa = PBXFileReference; fileEncoding = 4; lastKnownFileType = sourcecode.c.objc; path = DieView.m; sourceTree = "<group>"; };
		AE3FCD9B1E36644C0072B19C /* Bot.h */ = {isa = PBXFileReference; fileEncoding = 4; lastKnownFileType = sourcecode.c.h; path = Bot.h; sourceTree = "<group>"; };
		AE3FCD9C1E36644C0072B19C /* Bot.m */ = {isa = PBXFileReference; fileEncoding = 4; lastKnownFileType = sourcecode.c.objc; path = Bot.m; sourceTree = "<group>"; };
		AE3FCD9E1E3695F80072B19C /* GraphViewController.h */ = {isa = PBXFileReference; fileEncoding = 4; lastKnownFileType = sourcecode.c.h; path = GraphViewController.h; sourceTree = "<group>"; };
		AE3FCD9F1E3695F80072B19C /* GraphViewController.m */ = {isa = PBXFileReference; fileEncoding = 4; lastKnownFileType = sourcecode.c.objc; path = GraphViewController.m; sourceTree = "<group>"; };
		AE3FCDA21E36961B0072B19C /* GraphView.h */ = {isa = PBXFileReference; fileEncoding = 4; lastKnownFileType = sourcecode.c.h; path = GraphView.h; sourceTree = "<group>"; };
		AE3FCDA31E36961B0072B19C /* GraphView.m */ = {isa = PBXFileReference; fileEncoding = 4; lastKnownFileType = sourcecode.c.objc; path = GraphView.m; sourceTree = "<group>"; };
		AE3FCDA51E36A2260072B19C /* HistoryView.h */ = {isa = PBXFileReference; fileEncoding = 4; lastKnownFileType = sourcecode.c.h; path = HistoryView.h; sourceTree = "<group>"; };
		AE3FCDA61E36A2260072B19C /* HistoryView.m */ = {isa = PBXFileReference; fileEncoding = 4; lastKnownFileType = sourcecode.c.objc; path = HistoryView.m; sourceTree = "<group>"; };
		AE9AF33A1E39C4B100760913 /* OptionsViewController.h */ = {isa = PBXFileReference; fileEncoding = 4; lastKnownFileType = sourcecode.c.h; path = OptionsViewController.h; sourceTree = "<group>"; };
		AE9AF33B1E39C4B100760913 /* OptionsViewController.m */ = {isa = PBXFileReference; fileEncoding = 4; lastKnownFileType = sourcecode.c.objc; path = OptionsViewController.m; sourceTree = "<group>"; };
		AE9AF33D1E39D4D800760913 /* RectangleView.h */ = {isa = PBXFileReference; fileEncoding = 4; lastKnownFileType = sourcecode.c.h; path = RectangleView.h; sourceTree = "<group>"; };
		AE9AF33E1E39D4D800760913 /* RectangleView.m */ = {isa = PBXFileReference; fileEncoding = 4; lastKnownFileType = sourcecode.c.objc; path = RectangleView.m; sourceTree = "<group>"; };
		AE9AF3401E3A1B7A00760913 /* RectangleSelected.h */ = {isa = PBXFileReference; fileEncoding = 4; lastKnownFileType = sourcecode.c.h; name = RectangleSelected.h; path = ../RectangleSelected.h; sourceTree = "<group>"; };
		AE9AF3411E3A1B7A00760913 /* RectangleSelected.m */ = {isa = PBXFileReference; fileEncoding = 4; lastKnownFileType = sourcecode.c.objc; name = RectangleSelected.m; path = ../RectangleSelected.m; sourceTree = "<group>"; };
		E9417717EC8A24BD884F1F02 /* Pods-backgamon.release.xcconfig */ = {isa = PBXFileReference; includeInIndex = 1; lastKnownFileType = text.xcconfig; name = "Pods-backgamon.release.xcconfig"; path = "Pods/Target Support Files/Pods-backgamon/Pods-backgamon.release.xcconfig"; sourceTree = "<group>"; };
/* End PBXFileReference section */

/* Begin PBXFrameworksBuildPhase section */
		AE3FCD4A1E326DFF0072B19C /* Frameworks */ = {
			isa = PBXFrameworksBuildPhase;
			buildActionMask = 2147483647;
			files = (
				93C6F559814B424B669F2A22 /* Pods_backgamon.framework in Frameworks */,
			);
			runOnlyForDeploymentPostprocessing = 0;
		};
		AE3FCD631E326E000072B19C /* Frameworks */ = {
			isa = PBXFrameworksBuildPhase;
			buildActionMask = 2147483647;
			files = (
			);
			runOnlyForDeploymentPostprocessing = 0;
		};
		AE3FCD6E1E326E000072B19C /* Frameworks */ = {
			isa = PBXFrameworksBuildPhase;
			buildActionMask = 2147483647;
			files = (
			);
			runOnlyForDeploymentPostprocessing = 0;
		};
/* End PBXFrameworksBuildPhase section */

/* Begin PBXGroup section */
		24577B6FAB584D0B82D41853 /* Pods */ = {
			isa = PBXGroup;
			children = (
				AA2A90DCCD5CF7F49C54C1C1 /* Pods-backgamon.debug.xcconfig */,
				E9417717EC8A24BD884F1F02 /* Pods-backgamon.release.xcconfig */,
			);
			name = Pods;
			sourceTree = "<group>";
		};
		475FAFF74650E8B047E6FFD7 /* Frameworks */ = {
			isa = PBXGroup;
			children = (
				008AF0A454F944CF1DF24A4E /* Pods_backgamon.framework */,
			);
			name = Frameworks;
			sourceTree = "<group>";
		};
		AE3FCD441E326DFF0072B19C = {
			isa = PBXGroup;
			children = (
				AE3FCD4F1E326DFF0072B19C /* backgamon */,
				AE3FCD691E326E000072B19C /* backgamonTests */,
				AE3FCD741E326E000072B19C /* backgamonUITests */,
				AE3FCD4E1E326DFF0072B19C /* Products */,
				24577B6FAB584D0B82D41853 /* Pods */,
				475FAFF74650E8B047E6FFD7 /* Frameworks */,
			);
			sourceTree = "<group>";
		};
		AE3FCD4E1E326DFF0072B19C /* Products */ = {
			isa = PBXGroup;
			children = (
				AE3FCD4D1E326DFF0072B19C /* backgamon.app */,
				AE3FCD661E326E000072B19C /* backgamonTests.xctest */,
				AE3FCD711E326E000072B19C /* backgamonUITests.xctest */,
			);
			name = Products;
			sourceTree = "<group>";
		};
		AE3FCD4F1E326DFF0072B19C /* backgamon */ = {
			isa = PBXGroup;
			children = (
				AE3FCD531E326DFF0072B19C /* AppDelegate.h */,
				AE3FCD541E326DFF0072B19C /* AppDelegate.m */,
				AE3FCD561E326DFF0072B19C /* ViewController.h */,
				AE3FCD571E326DFF0072B19C /* ViewController.m */,
				AE9AF33A1E39C4B100760913 /* OptionsViewController.h */,
				AE9AF33B1E39C4B100760913 /* OptionsViewController.m */,
				AE3FCD591E326DFF0072B19C /* Main.storyboard */,
				AE3FCD5C1E326DFF0072B19C /* Assets.xcassets */,
				AE3FCD5E1E326DFF0072B19C /* LaunchScreen.storyboard */,
				AE3FCD611E326DFF0072B19C /* Info.plist */,
				AE3FCD501E326DFF0072B19C /* Supporting Files */,
				AE3FCD831E32714A0072B19C /* BackgamonNavigationController.h */,
				AE3FCD841E32714A0072B19C /* BackgamonNavigationController.m */,
				AE3FCD891E32874A0072B19C /* TriangleView.h */,
				AE3FCD8A1E32874A0072B19C /* TriangleView.m */,
				AE3FCD8C1E3287770072B19C /* TraingleSelected.h */,
				AE3FCD8D1E3287770072B19C /* TraingleSelected.m */,
				AE3FCD8F1E32C59A0072B19C /* CircleSelecteed.h */,
				AE3FCD901E32C59A0072B19C /* CircleSelecteed.m */,
				AE3FCD921E32C5BB0072B19C /* CircleView.h */,
				AE3FCD931E32C5BB0072B19C /* CircleView.m */,
				AE9AF33D1E39D4D800760913 /* RectangleView.h */,
				AE9AF33E1E39D4D800760913 /* RectangleView.m */,
				AE9AF3401E3A1B7A00760913 /* RectangleSelected.h */,
				AE9AF3411E3A1B7A00760913 /* RectangleSelected.m */,
				AE3FCD951E350F510072B19C /* Board.h */,
				AE3FCD961E350F510072B19C /* Board.m */,
				AE3FCD981E353EE80072B19C /* DieView.h */,
				AE3FCD991E353EE80072B19C /* DieView.m */,
				AE3FCD9B1E36644C0072B19C /* Bot.h */,
				AE3FCD9C1E36644C0072B19C /* Bot.m */,
				AE3FCD9E1E3695F80072B19C /* GraphViewController.h */,
				AE3FCD9F1E3695F80072B19C /* GraphViewController.m */,
				AE3FCDA21E36961B0072B19C /* GraphView.h */,
				AE3FCDA31E36961B0072B19C /* GraphView.m */,
				AE3FCDA51E36A2260072B19C /* HistoryView.h */,
				AE3FCDA61E36A2260072B19C /* HistoryView.m */,
			);
			path = backgamon;
			sourceTree = "<group>";
		};
		AE3FCD501E326DFF0072B19C /* Supporting Files */ = {
			isa = PBXGroup;
			children = (
				AE3FCD511E326DFF0072B19C /* main.m */,
			);
			name = "Supporting Files";
			sourceTree = "<group>";
		};
		AE3FCD691E326E000072B19C /* backgamonTests */ = {
			isa = PBXGroup;
			children = (
				AE3FCD6A1E326E000072B19C /* backgamonTests.m */,
				AE3FCD6C1E326E000072B19C /* Info.plist */,
			);
			path = backgamonTests;
			sourceTree = "<group>";
		};
		AE3FCD741E326E000072B19C /* backgamonUITests */ = {
			isa = PBXGroup;
			children = (
				AE3FCD751E326E000072B19C /* backgamonUITests.m */,
				AE3FCD771E326E000072B19C /* Info.plist */,
			);
			path = backgamonUITests;
			sourceTree = "<group>";
		};
/* End PBXGroup section */

/* Begin PBXNativeTarget section */
		AE3FCD4C1E326DFF0072B19C /* backgamon */ = {
			isa = PBXNativeTarget;
			buildConfigurationList = AE3FCD7A1E326E000072B19C /* Build configuration list for PBXNativeTarget "backgamon" */;
			buildPhases = (
				7B250C23923F27A3A1037470 /* [CP] Check Pods Manifest.lock */,
				AE3FCD491E326DFF0072B19C /* Sources */,
				AE3FCD4A1E326DFF0072B19C /* Frameworks */,
				AE3FCD4B1E326DFF0072B19C /* Resources */,
				739E64D88B3030A1C5F7E9A2 /* [CP] Embed Pods Frameworks */,
				B9EC831AF3AD99918C6B45B2 /* [CP] Copy Pods Resources */,
			);
			buildRules = (
			);
			dependencies = (
			);
			name = backgamon;
			productName = backgamon;
			productReference = AE3FCD4D1E326DFF0072B19C /* backgamon.app */;
			productType = "com.apple.product-type.application";
		};
		AE3FCD651E326E000072B19C /* backgamonTests */ = {
			isa = PBXNativeTarget;
			buildConfigurationList = AE3FCD7D1E326E000072B19C /* Build configuration list for PBXNativeTarget "backgamonTests" */;
			buildPhases = (
				AE3FCD621E326E000072B19C /* Sources */,
				AE3FCD631E326E000072B19C /* Frameworks */,
				AE3FCD641E326E000072B19C /* Resources */,
			);
			buildRules = (
			);
			dependencies = (
				AE3FCD681E326E000072B19C /* PBXTargetDependency */,
			);
			name = backgamonTests;
			productName = backgamonTests;
			productReference = AE3FCD661E326E000072B19C /* backgamonTests.xctest */;
			productType = "com.apple.product-type.bundle.unit-test";
		};
		AE3FCD701E326E000072B19C /* backgamonUITests */ = {
			isa = PBXNativeTarget;
			buildConfigurationList = AE3FCD801E326E000072B19C /* Build configuration list for PBXNativeTarget "backgamonUITests" */;
			buildPhases = (
				AE3FCD6D1E326E000072B19C /* Sources */,
				AE3FCD6E1E326E000072B19C /* Frameworks */,
				AE3FCD6F1E326E000072B19C /* Resources */,
			);
			buildRules = (
			);
			dependencies = (
				AE3FCD731E326E000072B19C /* PBXTargetDependency */,
			);
			name = backgamonUITests;
			productName = backgamonUITests;
			productReference = AE3FCD711E326E000072B19C /* backgamonUITests.xctest */;
			productType = "com.apple.product-type.bundle.ui-testing";
		};
/* End PBXNativeTarget section */

/* Begin PBXProject section */
		AE3FCD451E326DFF0072B19C /* Project object */ = {
			isa = PBXProject;
			attributes = {
				LastUpgradeCheck = 0820;
				ORGANIZATIONNAME = maxeler;
				TargetAttributes = {
					AE3FCD4C1E326DFF0072B19C = {
						CreatedOnToolsVersion = 8.2.1;
						DevelopmentTeam = J6B9MZ6PP4;
						ProvisioningStyle = Automatic;
					};
					AE3FCD651E326E000072B19C = {
						CreatedOnToolsVersion = 8.2.1;
						DevelopmentTeam = J6B9MZ6PP4;
						ProvisioningStyle = Automatic;
						TestTargetID = AE3FCD4C1E326DFF0072B19C;
					};
					AE3FCD701E326E000072B19C = {
						CreatedOnToolsVersion = 8.2.1;
						DevelopmentTeam = J6B9MZ6PP4;
						ProvisioningStyle = Automatic;
						TestTargetID = AE3FCD4C1E326DFF0072B19C;
					};
				};
			};
			buildConfigurationList = AE3FCD481E326DFF0072B19C /* Build configuration list for PBXProject "backgamon" */;
			compatibilityVersion = "Xcode 3.2";
			developmentRegion = English;
			hasScannedForEncodings = 0;
			knownRegions = (
				en,
				Base,
			);
			mainGroup = AE3FCD441E326DFF0072B19C;
			productRefGroup = AE3FCD4E1E326DFF0072B19C /* Products */;
			projectDirPath = "";
			projectRoot = "";
			targets = (
				AE3FCD4C1E326DFF0072B19C /* backgamon */,
				AE3FCD651E326E000072B19C /* backgamonTests */,
				AE3FCD701E326E000072B19C /* backgamonUITests */,
			);
		};
/* End PBXProject section */

/* Begin PBXResourcesBuildPhase section */
		AE3FCD4B1E326DFF0072B19C /* Resources */ = {
			isa = PBXResourcesBuildPhase;
			buildActionMask = 2147483647;
			files = (
				AE3FCD601E326DFF0072B19C /* LaunchScreen.storyboard in Resources */,
				AE3FCD5D1E326DFF0072B19C /* Assets.xcassets in Resources */,
				AE3FCD5B1E326DFF0072B19C /* Main.storyboard in Resources */,
			);
			runOnlyForDeploymentPostprocessing = 0;
		};
		AE3FCD641E326E000072B19C /* Resources */ = {
			isa = PBXResourcesBuildPhase;
			buildActionMask = 2147483647;
			files = (
			);
			runOnlyForDeploymentPostprocessing = 0;
		};
		AE3FCD6F1E326E000072B19C /* Resources */ = {
			isa = PBXResourcesBuildPhase;
			buildActionMask = 2147483647;
			files = (
			);
			runOnlyForDeploymentPostprocessing = 0;
		};
/* End PBXResourcesBuildPhase section */

/* Begin PBXShellScriptBuildPhase section */
		739E64D88B3030A1C5F7E9A2 /* [CP] Embed Pods Frameworks */ = {
			isa = PBXShellScriptBuildPhase;
			buildActionMask = 2147483647;
			files = (
			);
			inputPaths = (
			);
			name = "[CP] Embed Pods Frameworks";
			outputPaths = (
			);
			runOnlyForDeploymentPostprocessing = 0;
			shellPath = /bin/sh;
			shellScript = "\"${SRCROOT}/Pods/Target Support Files/Pods-backgamon/Pods-backgamon-frameworks.sh\"\n";
			showEnvVarsInLog = 0;
		};
		7B250C23923F27A3A1037470 /* [CP] Check Pods Manifest.lock */ = {
			isa = PBXShellScriptBuildPhase;
			buildActionMask = 2147483647;
			files = (
			);
			inputPaths = (
			);
			name = "[CP] Check Pods Manifest.lock";
			outputPaths = (
			);
			runOnlyForDeploymentPostprocessing = 0;
			shellPath = /bin/sh;
			shellScript = "diff \"${PODS_ROOT}/../Podfile.lock\" \"${PODS_ROOT}/Manifest.lock\" > /dev/null\nif [ $? != 0 ] ; then\n    # print error to STDERR\n    echo \"error: The sandbox is not in sync with the Podfile.lock. Run 'pod install' or update your CocoaPods installation.\" >&2\n    exit 1\nfi\n";
			showEnvVarsInLog = 0;
		};
		B9EC831AF3AD99918C6B45B2 /* [CP] Copy Pods Resources */ = {
			isa = PBXShellScriptBuildPhase;
			buildActionMask = 2147483647;
			files = (
			);
			inputPaths = (
			);
			name = "[CP] Copy Pods Resources";
			outputPaths = (
			);
			runOnlyForDeploymentPostprocessing = 0;
			shellPath = /bin/sh;
			shellScript = "\"${SRCROOT}/Pods/Target Support Files/Pods-backgamon/Pods-backgamon-resources.sh\"\n";
			showEnvVarsInLog = 0;
		};
/* End PBXShellScriptBuildPhase section */

/* Begin PBXSourcesBuildPhase section */
		AE3FCD491E326DFF0072B19C /* Sources */ = {
			isa = PBXSourcesBuildPhase;
			buildActionMask = 2147483647;
			files = (
				AE3FCD9D1E36644C0072B19C /* Bot.m in Sources */,
				AE3FCD581E326DFF0072B19C /* ViewController.m in Sources */,
				AE9AF33C1E39C4B100760913 /* OptionsViewController.m in Sources */,
				AE3FCD911E32C59A0072B19C /* CircleSelecteed.m in Sources */,
				AE3FCD851E32714A0072B19C /* BackgamonNavigationController.m in Sources */,
				AE3FCD8E1E3287770072B19C /* TraingleSelected.m in Sources */,
				AE3FCDA01E3695F80072B19C /* GraphViewController.m in Sources */,
				AE3FCD941E32C5BB0072B19C /* CircleView.m in Sources */,
				AE3FCDA71E36A2260072B19C /* HistoryView.m in Sources */,
				AE3FCD8B1E32874A0072B19C /* TriangleView.m in Sources */,
				AE9AF33F1E39D4D800760913 /* RectangleView.m in Sources */,
				AE3FCD971E350F510072B19C /* Board.m in Sources */,
				AE3FCD9A1E353EE80072B19C /* DieView.m in Sources */,
				AE9AF3421E3A1B7A00760913 /* RectangleSelected.m in Sources */,
				AE3FCDA41E36961B0072B19C /* GraphView.m in Sources */,
				AE3FCD551E326DFF0072B19C /* AppDelegate.m in Sources */,
				AE3FCD521E326DFF0072B19C /* main.m in Sources */,
			);
			runOnlyForDeploymentPostprocessing = 0;
		};
		AE3FCD621E326E000072B19C /* Sources */ = {
			isa = PBXSourcesBuildPhase;
			buildActionMask = 2147483647;
			files = (
				AE3FCD6B1E326E000072B19C /* backgamonTests.m in Sources */,
			);
			runOnlyForDeploymentPostprocessing = 0;
		};
		AE3FCD6D1E326E000072B19C /* Sources */ = {
			isa = PBXSourcesBuildPhase;
			buildActionMask = 2147483647;
			files = (
				AE3FCD761E326E000072B19C /* backgamonUITests.m in Sources */,
			);
			runOnlyForDeploymentPostprocessing = 0;
		};
/* End PBXSourcesBuildPhase section */

/* Begin PBXTargetDependency section */
		AE3FCD681E326E000072B19C /* PBXTargetDependency */ = {
			isa = PBXTargetDependency;
			target = AE3FCD4C1E326DFF0072B19C /* backgamon */;
			targetProxy = AE3FCD671E326E000072B19C /* PBXContainerItemProxy */;
		};
		AE3FCD731E326E000072B19C /* PBXTargetDependency */ = {
			isa = PBXTargetDependency;
			target = AE3FCD4C1E326DFF0072B19C /* backgamon */;
			targetProxy = AE3FCD721E326E000072B19C /* PBXContainerItemProxy */;
		};
/* End PBXTargetDependency section */

/* Begin PBXVariantGroup section */
		AE3FCD591E326DFF0072B19C /* Main.storyboard */ = {
			isa = PBXVariantGroup;
			children = (
				AE3FCD5A1E326DFF0072B19C /* Base */,
			);
			name = Main.storyboard;
			sourceTree = "<group>";
		};
		AE3FCD5E1E326DFF0072B19C /* LaunchScreen.storyboard */ = {
			isa = PBXVariantGroup;
			children = (
				AE3FCD5F1E326DFF0072B19C /* Base */,
			);
			name = LaunchScreen.storyboard;
			sourceTree = "<group>";
		};
/* End PBXVariantGroup section */

/* Begin XCBuildConfiguration section */
		AE3FCD781E326E000072B19C /* Debug */ = {
			isa = XCBuildConfiguration;
			buildSettings = {
				ALWAYS_SEARCH_USER_PATHS = NO;
				CLANG_ANALYZER_NONNULL = YES;
				CLANG_CXX_LANGUAGE_STANDARD = "gnu++0x";
				CLANG_CXX_LIBRARY = "libc++";
				CLANG_ENABLE_MODULES = YES;
				CLANG_ENABLE_OBJC_ARC = YES;
				CLANG_WARN_BOOL_CONVERSION = YES;
				CLANG_WARN_CONSTANT_CONVERSION = YES;
				CLANG_WARN_DIRECT_OBJC_ISA_USAGE = YES_ERROR;
				CLANG_WARN_DOCUMENTATION_COMMENTS = YES;
				CLANG_WARN_EMPTY_BODY = YES;
				CLANG_WARN_ENUM_CONVERSION = YES;
				CLANG_WARN_INFINITE_RECURSION = YES;
				CLANG_WARN_INT_CONVERSION = YES;
				CLANG_WARN_OBJC_ROOT_CLASS = YES_ERROR;
				CLANG_WARN_SUSPICIOUS_MOVE = YES;
				CLANG_WARN_UNREACHABLE_CODE = YES;
				CLANG_WARN__DUPLICATE_METHOD_MATCH = YES;
				"CODE_SIGN_IDENTITY[sdk=iphoneos*]" = "iPhone Developer";
				COPY_PHASE_STRIP = NO;
				DEBUG_INFORMATION_FORMAT = dwarf;
				ENABLE_STRICT_OBJC_MSGSEND = YES;
				ENABLE_TESTABILITY = YES;
				GCC_C_LANGUAGE_STANDARD = gnu99;
				GCC_DYNAMIC_NO_PIC = NO;
				GCC_NO_COMMON_BLOCKS = YES;
				GCC_OPTIMIZATION_LEVEL = 0;
				GCC_PREPROCESSOR_DEFINITIONS = (
					"DEBUG=1",
					"$(inherited)",
				);
				GCC_WARN_64_TO_32_BIT_CONVERSION = YES;
				GCC_WARN_ABOUT_RETURN_TYPE = YES_ERROR;
				GCC_WARN_UNDECLARED_SELECTOR = YES;
				GCC_WARN_UNINITIALIZED_AUTOS = YES_AGGRESSIVE;
				GCC_WARN_UNUSED_FUNCTION = YES;
				GCC_WARN_UNUSED_VARIABLE = YES;
				IPHONEOS_DEPLOYMENT_TARGET = 10.2;
				MTL_ENABLE_DEBUG_INFO = YES;
				ONLY_ACTIVE_ARCH = YES;
				SDKROOT = iphoneos;
				TARGETED_DEVICE_FAMILY = "1,2";
			};
			name = Debug;
		};
		AE3FCD791E326E000072B19C /* Release */ = {
			isa = XCBuildConfiguration;
			buildSettings = {
				ALWAYS_SEARCH_USER_PATHS = NO;
				CLANG_ANALYZER_NONNULL = YES;
				CLANG_CXX_LANGUAGE_STANDARD = "gnu++0x";
				CLANG_CXX_LIBRARY = "libc++";
				CLANG_ENABLE_MODULES = YES;
				CLANG_ENABLE_OBJC_ARC = YES;
				CLANG_WARN_BOOL_CONVERSION = YES;
				CLANG_WARN_CONSTANT_CONVERSION = YES;
				CLANG_WARN_DIRECT_OBJC_ISA_USAGE = YES_ERROR;
				CLANG_WARN_DOCUMENTATION_COMMENTS = YES;
				CLANG_WARN_EMPTY_BODY = YES;
				CLANG_WARN_ENUM_CONVERSION = YES;
				CLANG_WARN_INFINITE_RECURSION = YES;
				CLANG_WARN_INT_CONVERSION = YES;
				CLANG_WARN_OBJC_ROOT_CLASS = YES_ERROR;
				CLANG_WARN_SUSPICIOUS_MOVE = YES;
				CLANG_WARN_UNREACHABLE_CODE = YES;
				CLANG_WARN__DUPLICATE_METHOD_MATCH = YES;
				"CODE_SIGN_IDENTITY[sdk=iphoneos*]" = "iPhone Developer";
				COPY_PHASE_STRIP = NO;
				DEBUG_INFORMATION_FORMAT = "dwarf-with-dsym";
				ENABLE_NS_ASSERTIONS = NO;
				ENABLE_STRICT_OBJC_MSGSEND = YES;
				GCC_C_LANGUAGE_STANDARD = gnu99;
				GCC_NO_COMMON_BLOCKS = YES;
				GCC_WARN_64_TO_32_BIT_CONVERSION = YES;
				GCC_WARN_ABOUT_RETURN_TYPE = YES_ERROR;
				GCC_WARN_UNDECLARED_SELECTOR = YES;
				GCC_WARN_UNINITIALIZED_AUTOS = YES_AGGRESSIVE;
				GCC_WARN_UNUSED_FUNCTION = YES;
				GCC_WARN_UNUSED_VARIABLE = YES;
				IPHONEOS_DEPLOYMENT_TARGET = 10.2;
				MTL_ENABLE_DEBUG_INFO = NO;
				SDKROOT = iphoneos;
				TARGETED_DEVICE_FAMILY = "1,2";
				VALIDATE_PRODUCT = YES;
			};
			name = Release;
		};
		AE3FCD7B1E326E000072B19C /* Debug */ = {
			isa = XCBuildConfiguration;
			baseConfigurationReference = AA2A90DCCD5CF7F49C54C1C1 /* Pods-backgamon.debug.xcconfig */;
			buildSettings = {
				ASSETCATALOG_COMPILER_APPICON_NAME = AppIcon;
				DEVELOPMENT_TEAM = J6B9MZ6PP4;
				INFOPLIST_FILE = backgamon/Info.plist;
				LD_RUNPATH_SEARCH_PATHS = "$(inherited) @executable_path/Frameworks";
				PRODUCT_BUNDLE_IDENTIFIER = com.ptrifunovic.backgamon;
				PRODUCT_NAME = "$(TARGET_NAME)";
			};
			name = Debug;
		};
		AE3FCD7C1E326E000072B19C /* Release */ = {
			isa = XCBuildConfiguration;
			baseConfigurationReference = E9417717EC8A24BD884F1F02 /* Pods-backgamon.release.xcconfig */;
			buildSettings = {
				ASSETCATALOG_COMPILER_APPICON_NAME = AppIcon;
				DEVELOPMENT_TEAM = J6B9MZ6PP4;
				INFOPLIST_FILE = backgamon/Info.plist;
				LD_RUNPATH_SEARCH_PATHS = "$(inherited) @executable_path/Frameworks";
				PRODUCT_BUNDLE_IDENTIFIER = com.ptrifunovic.backgamon;
				PRODUCT_NAME = "$(TARGET_NAME)";
			};
			name = Release;
		};
		AE3FCD7E1E326E000072B19C /* Debug */ = {
			isa = XCBuildConfiguration;
			buildSettings = {
				BUNDLE_LOADER = "$(TEST_HOST)";
				DEVELOPMENT_TEAM = J6B9MZ6PP4;
				INFOPLIST_FILE = backgamonTests/Info.plist;
				LD_RUNPATH_SEARCH_PATHS = "$(inherited) @executable_path/Frameworks @loader_path/Frameworks";
				PRODUCT_BUNDLE_IDENTIFIER = com.ptrifunovic.backgamonTests;
				PRODUCT_NAME = "$(TARGET_NAME)";
				TEST_HOST = "$(BUILT_PRODUCTS_DIR)/backgamon.app/backgamon";
			};
			name = Debug;
		};
		AE3FCD7F1E326E000072B19C /* Release */ = {
			isa = XCBuildConfiguration;
			buildSettings = {
				BUNDLE_LOADER = "$(TEST_HOST)";
				DEVELOPMENT_TEAM = J6B9MZ6PP4;
				INFOPLIST_FILE = backgamonTests/Info.plist;
				LD_RUNPATH_SEARCH_PATHS = "$(inherited) @executable_path/Frameworks @loader_path/Frameworks";
				PRODUCT_BUNDLE_IDENTIFIER = com.ptrifunovic.backgamonTests;
				PRODUCT_NAME = "$(TARGET_NAME)";
				TEST_HOST = "$(BUILT_PRODUCTS_DIR)/backgamon.app/backgamon";
			};
			name = Release;
		};
		AE3FCD811E326E000072B19C /* Debug */ = {
			isa = XCBuildConfiguration;
			buildSettings = {
				DEVELOPMENT_TEAM = J6B9MZ6PP4;
				INFOPLIST_FILE = backgamonUITests/Info.plist;
				LD_RUNPATH_SEARCH_PATHS = "$(inherited) @executable_path/Frameworks @loader_path/Frameworks";
				PRODUCT_BUNDLE_IDENTIFIER = com.ptrifunovic.backgamonUITests;
				PRODUCT_NAME = "$(TARGET_NAME)";
				TEST_TARGET_NAME = backgamon;
			};
			name = Debug;
		};
		AE3FCD821E326E000072B19C /* Release */ = {
			isa = XCBuildConfiguration;
			buildSettings = {
				DEVELOPMENT_TEAM = J6B9MZ6PP4;
				INFOPLIST_FILE = backgamonUITests/Info.plist;
				LD_RUNPATH_SEARCH_PATHS = "$(inherited) @executable_path/Frameworks @loader_path/Frameworks";
				PRODUCT_BUNDLE_IDENTIFIER = com.ptrifunovic.backgamonUITests;
				PRODUCT_NAME = "$(TARGET_NAME)";
				TEST_TARGET_NAME = backgamon;
			};
			name = Release;
		};
/* End XCBuildConfiguration section */

/* Begin XCConfigurationList section */
		AE3FCD481E326DFF0072B19C /* Build configuration list for PBXProject "backgamon" */ = {
			isa = XCConfigurationList;
			buildConfigurations = (
				AE3FCD781E326E000072B19C /* Debug */,
				AE3FCD791E326E000072B19C /* Release */,
			);
			defaultConfigurationIsVisible = 0;
			defaultConfigurationName = Release;
		};
		AE3FCD7A1E326E000072B19C /* Build configuration list for PBXNativeTarget "backgamon" */ = {
			isa = XCConfigurationList;
			buildConfigurations = (
				AE3FCD7B1E326E000072B19C /* Debug */,
				AE3FCD7C1E326E000072B19C /* Release */,
			);
			defaultConfigurationIsVisible = 0;
			defaultConfigurationName = Release;
		};
		AE3FCD7D1E326E000072B19C /* Build configuration list for PBXNativeTarget "backgamonTests" */ = {
			isa = XCConfigurationList;
			buildConfigurations = (
				AE3FCD7E1E326E000072B19C /* Debug */,
				AE3FCD7F1E326E000072B19C /* Release */,
			);
			defaultConfigurationIsVisible = 0;
			defaultConfigurationName = Release;
		};
		AE3FCD801E326E000072B19C /* Build configuration list for PBXNativeTarget "backgamonUITests" */ = {
			isa = XCConfigurationList;
			buildConfigurations = (
				AE3FCD811E326E000072B19C /* Debug */,
				AE3FCD821E326E000072B19C /* Release */,
			);
			defaultConfigurationIsVisible = 0;
			defaultConfigurationName = Release;
		};
/* End XCConfigurationList section */
	};
	rootObject = AE3FCD451E326DFF0072B19C /* Project object */;
}
